
Microsoft Visual Studio Solution File, Format Version 12.00
# Visual Studio 2013
VisualStudioVersion = 12.0.30203.2
MinimumVisualStudioVersion = 10.0.40219.1
Project("{FAE04EC0-301F-11D3-BF4B-00C04F79EFBC}") = "Weave.WindowsPhone.8.1", "Weave.WindowsPhone.8.1\Weave.WindowsPhone.8.1.csproj", "{49C0AFB2-C76B-4D6E-B250-505284AA569F}"
EndProject
Project("{2150E333-8FDC-42A3-9474-1A3956D46DE8}") = "Client", "Client", "{3A4D93EB-1CD2-47C4-95BA-9DF0B856E728}"
EndProject
Project("{2150E333-8FDC-42A3-9474-1A3956D46DE8}") = "Common", "Common", "{B6CABED9-D4A8-46FB-8B88-3A8F97D604A2}"
EndProject
Project("{2150E333-8FDC-42A3-9474-1A3956D46DE8}") = "Services", "Services", "{6FE669BE-7711-457F-8317-70BFD0D272D4}"
EndProject
Project("{2150E333-8FDC-42A3-9474-1A3956D46DE8}") = "Article", "Article", "{00CF9B50-EA30-4A51-9189-2A558F92B316}"
EndProject
Project("{2150E333-8FDC-42A3-9474-1A3956D46DE8}") = "Identity", "Identity", "{8F37695F-32C7-4E6F-92A1-168BB1EB6A55}"
EndProject
Project("{2150E333-8FDC-42A3-9474-1A3956D46DE8}") = "User", "User", "{49921B67-3D40-4E59-97FF-0C2BF81EAB90}"
EndProject
Project("{2150E333-8FDC-42A3-9474-1A3956D46DE8}") = "Mobilizer", "Mobilizer", "{37F298D9-B762-4017-878B-194A73E12DA8}"
EndProject
Project("{FAE04EC0-301F-11D3-BF4B-00C04F79EFBC}") = "Weave.Article.Service.Client", "..\Weave.Portable\Weave.Article.Service.Client\Weave.Article.Service.Client.csproj", "{620200B1-17F4-4C5A-A301-CA9AED702806}"
EndProject
Project("{FAE04EC0-301F-11D3-BF4B-00C04F79EFBC}") = "Weave.Article.Service.Contracts", "..\Weave.Portable\Weave.Article.Service.Contracts\Weave.Article.Service.Contracts.csproj", "{D727F239-EE96-4B05-8F17-65871B52B260}"
EndProject
Project("{FAE04EC0-301F-11D3-BF4B-00C04F79EFBC}") = "Weave.Article.Service.DTOs", "..\Weave.Portable\Weave.Article.Service.DTOs\Weave.Article.Service.DTOs.csproj", "{2B4D1AF0-8C77-475D-8D14-DB7B506F9450}"
EndProject
Project("{FAE04EC0-301F-11D3-BF4B-00C04F79EFBC}") = "Weave.Identity.Service.Client", "..\Weave.Portable\Weave.Identity.Service.Client\Weave.Identity.Service.Client.csproj", "{42E619BA-2842-44A7-94D4-4B1485C7136B}"
EndProject
Project("{FAE04EC0-301F-11D3-BF4B-00C04F79EFBC}") = "Weave.Identity.Service.Contracts", "..\Weave.Portable\Weave.Identity.Service.Contracts\Weave.Identity.Service.Contracts.csproj", "{CCE98720-6054-4EF8-BA8C-14821B35EC1D}"
EndProject
Project("{FAE04EC0-301F-11D3-BF4B-00C04F79EFBC}") = "Weave.Identity.Service.DTOs", "..\Weave.Portable\Weave.Identity.Service.DTOs\Weave.Identity.Service.DTOs.csproj", "{6FA5AC47-653A-4634-8BCA-CF68BA33F884}"
EndProject
Project("{FAE04EC0-301F-11D3-BF4B-00C04F79EFBC}") = "Weave.User.Service.Client", "..\Weave.Portable\Weave.User.Service.Client\Weave.User.Service.Client.csproj", "{3BD5FAB6-6843-4DAD-8846-2033AAF03FD7}"
EndProject
Project("{FAE04EC0-301F-11D3-BF4B-00C04F79EFBC}") = "Weave.User.Service.Contracts", "..\Weave.Portable\Weave.User.Service.Contracts\Weave.User.Service.Contracts.csproj", "{02F3363F-7B0F-4C5F-9123-B388F2870C35}"
EndProject
Project("{FAE04EC0-301F-11D3-BF4B-00C04F79EFBC}") = "Weave.User.Service.DTOs", "..\Weave.Portable\Weave.User.Service.DTOs\Weave.User.Service.DTOs.csproj", "{75F2F4B1-BEB2-4AC6-A935-5A795C5A79A0}"
EndProject
Project("{FAE04EC0-301F-11D3-BF4B-00C04F79EFBC}") = "Weave.Mobilizer.Contracts", "..\Weave.Portable\Weave.Mobilizer.Contracts\Weave.Mobilizer.Contracts.csproj", "{FC776CA4-35B3-4024-8667-CB265805A519}"
EndProject
Project("{FAE04EC0-301F-11D3-BF4B-00C04F79EFBC}") = "Weave.Mobilizer.DTOs", "..\Weave.Portable\Weave.Mobilizer.DTOs\Weave.Mobilizer.DTOs.csproj", "{0A9019E4-E76F-4FAC-A5C7-70F32CF5E2C1}"
EndProject
Project("{FAE04EC0-301F-11D3-BF4B-00C04F79EFBC}") = "Weave.FeedLibrary", "..\Weave.Portable\Weave.FeedLibrary\Weave.FeedLibrary.csproj", "{588B02FC-6BB9-49AE-8ECE-2A4BAC9B470B}"
EndProject
Project("{FAE04EC0-301F-11D3-BF4B-00C04F79EFBC}") = "Weave.ViewModels", "..\Weave.Portable\Weave.ViewModels\Weave.ViewModels.csproj", "{0F188FC9-D10C-48DB-917A-FF1CB9C8E795}"
EndProject
Project("{FAE04EC0-301F-11D3-BF4B-00C04F79EFBC}") = "Weave.ViewModels.Repository", "..\Weave.Portable\Weave.ViewModels.Repository\Weave.ViewModels.Repository.csproj", "{D326F8C2-8DCF-43D4-9BAD-BC07CA6D6CCE}"
EndProject
Project("{2150E333-8FDC-42A3-9474-1A3956D46DE8}") = "Library", "Library", "{B30F3601-800B-4743-860A-B1E3B1792A3F}"
EndProject
Project("{FAE04EC0-301F-11D3-BF4B-00C04F79EFBC}") = "Common.Compression", "..\Weave.Portable\Common.Compression\Common.Compression.csproj", "{00617B68-C1F0-4AD8-8307-25C0608D745D}"
EndProject
Project("{FAE04EC0-301F-11D3-BF4B-00C04F79EFBC}") = "Common.Microsoft", "..\Weave.Portable\Common.Microsoft\Common.Microsoft.csproj", "{C323425E-3A4B-4A22-9CE5-ACF8D7124897}"
EndProject
Project("{FAE04EC0-301F-11D3-BF4B-00C04F79EFBC}") = "Common.Microsoft.OneNote", "..\Weave.Portable\Common.Microsoft.OneNote\Common.Microsoft.OneNote.csproj", "{7B342C99-3758-4FA0-BE6E-576F07286DF7}"
EndProject
Project("{FAE04EC0-301F-11D3-BF4B-00C04F79EFBC}") = "Common.Net.Http.Compression", "..\Weave.Portable\Common.Net.Http.Compression\Common.Net.Http.Compression.csproj", "{8162E82C-C141-4A69-90EF-4A2593A374DF}"
EndProject
Project("{FAE04EC0-301F-11D3-BF4B-00C04F79EFBC}") = "Portable.Common", "..\Weave.Portable\Portable.Common\Portable.Common.csproj", "{D18F5A26-3D60-47BC-9EE1-02D44369E6A0}"
EndProject
Project("{FAE04EC0-301F-11D3-BF4B-00C04F79EFBC}") = "SelesGames.HttpClient", "..\Weave.Portable\SelesGames.HttpClient\SelesGames.HttpClient.csproj", "{E93C1441-A175-4D76-9E97-092E9C621E55}"
EndProject
Project("{FAE04EC0-301F-11D3-BF4B-00C04F79EFBC}") = "SelesGames.UI.Color", "..\Weave.Portable\SelesGames.UI.Color\SelesGames.UI.Color.csproj", "{324F52E7-45A8-48B8-B5EE-C108DF74B2AF}"
EndProject
Global
	GlobalSection(SolutionConfigurationPlatforms) = preSolution
		Debug|Any CPU = Debug|Any CPU
		Debug|ARM = Debug|ARM
		Debug|x86 = Debug|x86
		Release|Any CPU = Release|Any CPU
		Release|ARM = Release|ARM
		Release|x86 = Release|x86
	EndGlobalSection
	GlobalSection(ProjectConfigurationPlatforms) = postSolution
		{49C0AFB2-C76B-4D6E-B250-505284AA569F}.Debug|Any CPU.ActiveCfg = Debug|Any CPU
		{49C0AFB2-C76B-4D6E-B250-505284AA569F}.Debug|Any CPU.Build.0 = Debug|Any CPU
		{49C0AFB2-C76B-4D6E-B250-505284AA569F}.Debug|Any CPU.Deploy.0 = Debug|Any CPU
		{49C0AFB2-C76B-4D6E-B250-505284AA569F}.Debug|ARM.ActiveCfg = Debug|ARM
		{49C0AFB2-C76B-4D6E-B250-505284AA569F}.Debug|ARM.Build.0 = Debug|ARM
		{49C0AFB2-C76B-4D6E-B250-505284AA569F}.Debug|ARM.Deploy.0 = Debug|ARM
		{49C0AFB2-C76B-4D6E-B250-505284AA569F}.Debug|x86.ActiveCfg = Debug|x86
		{49C0AFB2-C76B-4D6E-B250-505284AA569F}.Debug|x86.Build.0 = Debug|x86
		{49C0AFB2-C76B-4D6E-B250-505284AA569F}.Debug|x86.Deploy.0 = Debug|x86
		{49C0AFB2-C76B-4D6E-B250-505284AA569F}.Release|Any CPU.ActiveCfg = Release|Any CPU
		{49C0AFB2-C76B-4D6E-B250-505284AA569F}.Release|Any CPU.Build.0 = Release|Any CPU
		{49C0AFB2-C76B-4D6E-B250-505284AA569F}.Release|Any CPU.Deploy.0 = Release|Any CPU
		{49C0AFB2-C76B-4D6E-B250-505284AA569F}.Release|ARM.ActiveCfg = Release|ARM
		{49C0AFB2-C76B-4D6E-B250-505284AA569F}.Release|ARM.Build.0 = Release|ARM
		{49C0AFB2-C76B-4D6E-B250-505284AA569F}.Release|ARM.Deploy.0 = Release|ARM
		{49C0AFB2-C76B-4D6E-B250-505284AA569F}.Release|x86.ActiveCfg = Release|x86
		{49C0AFB2-C76B-4D6E-B250-505284AA569F}.Release|x86.Build.0 = Release|x86
		{49C0AFB2-C76B-4D6E-B250-505284AA569F}.Release|x86.Deploy.0 = Release|x86
		{620200B1-17F4-4C5A-A301-CA9AED702806}.Debug|Any CPU.ActiveCfg = Debug|Any CPU
		{620200B1-17F4-4C5A-A301-CA9AED702806}.Debug|Any CPU.Build.0 = Debug|Any CPU
		{620200B1-17F4-4C5A-A301-CA9AED702806}.Debug|ARM.ActiveCfg = Debug|Any CPU
		{620200B1-17F4-4C5A-A301-CA9AED702806}.Debug|x86.ActiveCfg = Debug|Any CPU
		{620200B1-17F4-4C5A-A301-CA9AED702806}.Release|Any CPU.ActiveCfg = Release|Any CPU
		{620200B1-17F4-4C5A-A301-CA9AED702806}.Release|Any CPU.Build.0 = Release|Any CPU
		{620200B1-17F4-4C5A-A301-CA9AED702806}.Release|ARM.ActiveCfg = Release|Any CPU
		{620200B1-17F4-4C5A-A301-CA9AED702806}.Release|x86.ActiveCfg = Release|Any CPU
		{D727F239-EE96-4B05-8F17-65871B52B260}.Debug|Any CPU.ActiveCfg = Debug|Any CPU
		{D727F239-EE96-4B05-8F17-65871B52B260}.Debug|Any CPU.Build.0 = Debug|Any CPU
		{D727F239-EE96-4B05-8F17-65871B52B260}.Debug|ARM.ActiveCfg = Debug|Any CPU
		{D727F239-EE96-4B05-8F17-65871B52B260}.Debug|x86.ActiveCfg = Debug|Any CPU
		{D727F239-EE96-4B05-8F17-65871B52B260}.Release|Any CPU.ActiveCfg = Release|Any CPU
		{D727F239-EE96-4B05-8F17-65871B52B260}.Release|Any CPU.Build.0 = Release|Any CPU
		{D727F239-EE96-4B05-8F17-65871B52B260}.Release|ARM.ActiveCfg = Release|Any CPU
		{D727F239-EE96-4B05-8F17-65871B52B260}.Release|x86.ActiveCfg = Release|Any CPU
		{2B4D1AF0-8C77-475D-8D14-DB7B506F9450}.Debug|Any CPU.ActiveCfg = Debug|Any CPU
		{2B4D1AF0-8C77-475D-8D14-DB7B506F9450}.Debug|Any CPU.Build.0 = Debug|Any CPU
		{2B4D1AF0-8C77-475D-8D14-DB7B506F9450}.Debug|ARM.ActiveCfg = Debug|Any CPU
		{2B4D1AF0-8C77-475D-8D14-DB7B506F9450}.Debug|x86.ActiveCfg = Debug|Any CPU
		{2B4D1AF0-8C77-475D-8D14-DB7B506F9450}.Release|Any CPU.ActiveCfg = Release|Any CPU
		{2B4D1AF0-8C77-475D-8D14-DB7B506F9450}.Release|Any CPU.Build.0 = Release|Any CPU
		{2B4D1AF0-8C77-475D-8D14-DB7B506F9450}.Release|ARM.ActiveCfg = Release|Any CPU
		{2B4D1AF0-8C77-475D-8D14-DB7B506F9450}.Release|x86.ActiveCfg = Release|Any CPU
		{42E619BA-2842-44A7-94D4-4B1485C7136B}.Debug|Any CPU.ActiveCfg = Debug|Any CPU
		{42E619BA-2842-44A7-94D4-4B1485C7136B}.Debug|Any CPU.Build.0 = Debug|Any CPU
		{42E619BA-2842-44A7-94D4-4B1485C7136B}.Debug|ARM.ActiveCfg = Debug|Any CPU
		{42E619BA-2842-44A7-94D4-4B1485C7136B}.Debug|x86.ActiveCfg = Debug|Any CPU
		{42E619BA-2842-44A7-94D4-4B1485C7136B}.Release|Any CPU.ActiveCfg = Release|Any CPU
		{42E619BA-2842-44A7-94D4-4B1485C7136B}.Release|Any CPU.Build.0 = Release|Any CPU
		{42E619BA-2842-44A7-94D4-4B1485C7136B}.Release|ARM.ActiveCfg = Release|Any CPU
		{42E619BA-2842-44A7-94D4-4B1485C7136B}.Release|x86.ActiveCfg = Release|Any CPU
		{CCE98720-6054-4EF8-BA8C-14821B35EC1D}.Debug|Any CPU.ActiveCfg = Debug|Any CPU
		{CCE98720-6054-4EF8-BA8C-14821B35EC1D}.Debug|Any CPU.Build.0 = Debug|Any CPU
		{CCE98720-6054-4EF8-BA8C-14821B35EC1D}.Debug|ARM.ActiveCfg = Debug|Any CPU
		{CCE98720-6054-4EF8-BA8C-14821B35EC1D}.Debug|x86.ActiveCfg = Debug|Any CPU
		{CCE98720-6054-4EF8-BA8C-14821B35EC1D}.Release|Any CPU.ActiveCfg = Release|Any CPU
		{CCE98720-6054-4EF8-BA8C-14821B35EC1D}.Release|Any CPU.Build.0 = Release|Any CPU
		{CCE98720-6054-4EF8-BA8C-14821B35EC1D}.Release|ARM.ActiveCfg = Release|Any CPU
		{CCE98720-6054-4EF8-BA8C-14821B35EC1D}.Release|x86.ActiveCfg = Release|Any CPU
		{6FA5AC47-653A-4634-8BCA-CF68BA33F884}.Debug|Any CPU.ActiveCfg = Debug|Any CPU
		{6FA5AC47-653A-4634-8BCA-CF68BA33F884}.Debug|Any CPU.Build.0 = Debug|Any CPU
		{6FA5AC47-653A-4634-8BCA-CF68BA33F884}.Debug|ARM.ActiveCfg = Debug|Any CPU
		{6FA5AC47-653A-4634-8BCA-CF68BA33F884}.Debug|x86.ActiveCfg = Debug|Any CPU
		{6FA5AC47-653A-4634-8BCA-CF68BA33F884}.Release|Any CPU.ActiveCfg = Release|Any CPU
		{6FA5AC47-653A-4634-8BCA-CF68BA33F884}.Release|Any CPU.Build.0 = Release|Any CPU
		{6FA5AC47-653A-4634-8BCA-CF68BA33F884}.Release|ARM.ActiveCfg = Release|Any CPU
		{6FA5AC47-653A-4634-8BCA-CF68BA33F884}.Release|x86.ActiveCfg = Release|Any CPU
		{3BD5FAB6-6843-4DAD-8846-2033AAF03FD7}.Debug|Any CPU.ActiveCfg = Debug|Any CPU
		{3BD5FAB6-6843-4DAD-8846-2033AAF03FD7}.Debug|Any CPU.Build.0 = Debug|Any CPU
		{3BD5FAB6-6843-4DAD-8846-2033AAF03FD7}.Debug|ARM.ActiveCfg = Debug|Any CPU
		{3BD5FAB6-6843-4DAD-8846-2033AAF03FD7}.Debug|x86.ActiveCfg = Debug|Any CPU
		{3BD5FAB6-6843-4DAD-8846-2033AAF03FD7}.Release|Any CPU.ActiveCfg = Release|Any CPU
		{3BD5FAB6-6843-4DAD-8846-2033AAF03FD7}.Release|Any CPU.Build.0 = Release|Any CPU
		{3BD5FAB6-6843-4DAD-8846-2033AAF03FD7}.Release|ARM.ActiveCfg = Release|Any CPU
		{3BD5FAB6-6843-4DAD-8846-2033AAF03FD7}.Release|x86.ActiveCfg = Release|Any CPU
		{02F3363F-7B0F-4C5F-9123-B388F2870C35}.Debug|Any CPU.ActiveCfg = Debug|Any CPU
		{02F3363F-7B0F-4C5F-9123-B388F2870C35}.Debug|Any CPU.Build.0 = Debug|Any CPU
		{02F3363F-7B0F-4C5F-9123-B388F2870C35}.Debug|ARM.ActiveCfg = Debug|Any CPU
		{02F3363F-7B0F-4C5F-9123-B388F2870C35}.Debug|x86.ActiveCfg = Debug|Any CPU
		{02F3363F-7B0F-4C5F-9123-B388F2870C35}.Release|Any CPU.ActiveCfg = Release|Any CPU
		{02F3363F-7B0F-4C5F-9123-B388F2870C35}.Release|Any CPU.Build.0 = Release|Any CPU
		{02F3363F-7B0F-4C5F-9123-B388F2870C35}.Release|ARM.ActiveCfg = Release|Any CPU
		{02F3363F-7B0F-4C5F-9123-B388F2870C35}.Release|x86.ActiveCfg = Release|Any CPU
		{75F2F4B1-BEB2-4AC6-A935-5A795C5A79A0}.Debug|Any CPU.ActiveCfg = Debug|Any CPU
		{75F2F4B1-BEB2-4AC6-A935-5A795C5A79A0}.Debug|Any CPU.Build.0 = Debug|Any CPU
		{75F2F4B1-BEB2-4AC6-A935-5A795C5A79A0}.Debug|ARM.ActiveCfg = Debug|Any CPU
		{75F2F4B1-BEB2-4AC6-A935-5A795C5A79A0}.Debug|x86.ActiveCfg = Debug|Any CPU
		{75F2F4B1-BEB2-4AC6-A935-5A795C5A79A0}.Release|Any CPU.ActiveCfg = Release|Any CPU
		{75F2F4B1-BEB2-4AC6-A935-5A795C5A79A0}.Release|Any CPU.Build.0 = Release|Any CPU
		{75F2F4B1-BEB2-4AC6-A935-5A795C5A79A0}.Release|ARM.ActiveCfg = Release|Any CPU
		{75F2F4B1-BEB2-4AC6-A935-5A795C5A79A0}.Release|x86.ActiveCfg = Release|Any CPU
		{FC776CA4-35B3-4024-8667-CB265805A519}.Debug|Any CPU.ActiveCfg = Debug|Any CPU
		{FC776CA4-35B3-4024-8667-CB265805A519}.Debug|Any CPU.Build.0 = Debug|Any CPU
		{FC776CA4-35B3-4024-8667-CB265805A519}.Debug|ARM.ActiveCfg = Debug|Any CPU
		{FC776CA4-35B3-4024-8667-CB265805A519}.Debug|x86.ActiveCfg = Debug|Any CPU
		{FC776CA4-35B3-4024-8667-CB265805A519}.Release|Any CPU.ActiveCfg = Release|Any CPU
		{FC776CA4-35B3-4024-8667-CB265805A519}.Release|Any CPU.Build.0 = Release|Any CPU
		{FC776CA4-35B3-4024-8667-CB265805A519}.Release|ARM.ActiveCfg = Release|Any CPU
		{FC776CA4-35B3-4024-8667-CB265805A519}.Release|x86.ActiveCfg = Release|Any CPU
		{0A9019E4-E76F-4FAC-A5C7-70F32CF5E2C1}.Debug|Any CPU.ActiveCfg = Debug|Any CPU
		{0A9019E4-E76F-4FAC-A5C7-70F32CF5E2C1}.Debug|Any CPU.Build.0 = Debug|Any CPU
		{0A9019E4-E76F-4FAC-A5C7-70F32CF5E2C1}.Debug|ARM.ActiveCfg = Debug|Any CPU
		{0A9019E4-E76F-4FAC-A5C7-70F32CF5E2C1}.Debug|x86.ActiveCfg = Debug|Any CPU
		{0A9019E4-E76F-4FAC-A5C7-70F32CF5E2C1}.Release|Any CPU.ActiveCfg = Release|Any CPU
		{0A9019E4-E76F-4FAC-A5C7-70F32CF5E2C1}.Release|Any CPU.Build.0 = Release|Any CPU
		{0A9019E4-E76F-4FAC-A5C7-70F32CF5E2C1}.Release|ARM.ActiveCfg = Release|Any CPU
		{0A9019E4-E76F-4FAC-A5C7-70F32CF5E2C1}.Release|x86.ActiveCfg = Release|Any CPU
		{588B02FC-6BB9-49AE-8ECE-2A4BAC9B470B}.Debug|Any CPU.ActiveCfg = Debug|Any CPU
		{588B02FC-6BB9-49AE-8ECE-2A4BAC9B470B}.Debug|Any CPU.Build.0 = Debug|Any CPU
		{588B02FC-6BB9-49AE-8ECE-2A4BAC9B470B}.Debug|ARM.ActiveCfg = Debug|Any CPU
		{588B02FC-6BB9-49AE-8ECE-2A4BAC9B470B}.Debug|x86.ActiveCfg = Debug|Any CPU
		{588B02FC-6BB9-49AE-8ECE-2A4BAC9B470B}.Release|Any CPU.ActiveCfg = Release|Any CPU
		{588B02FC-6BB9-49AE-8ECE-2A4BAC9B470B}.Release|Any CPU.Build.0 = Release|Any CPU
		{588B02FC-6BB9-49AE-8ECE-2A4BAC9B470B}.Release|ARM.ActiveCfg = Release|Any CPU
		{588B02FC-6BB9-49AE-8ECE-2A4BAC9B470B}.Release|x86.ActiveCfg = Release|Any CPU
		{0F188FC9-D10C-48DB-917A-FF1CB9C8E795}.Debug|Any CPU.ActiveCfg = Debug|Any CPU
		{0F188FC9-D10C-48DB-917A-FF1CB9C8E795}.Debug|Any CPU.Build.0 = Debug|Any CPU
		{0F188FC9-D10C-48DB-917A-FF1CB9C8E795}.Debug|ARM.ActiveCfg = Debug|Any CPU
		{0F188FC9-D10C-48DB-917A-FF1CB9C8E795}.Debug|x86.ActiveCfg = Debug|Any CPU
		{0F188FC9-D10C-48DB-917A-FF1CB9C8E795}.Release|Any CPU.ActiveCfg = Release|Any CPU
		{0F188FC9-D10C-48DB-917A-FF1CB9C8E795}.Release|Any CPU.Build.0 = Release|Any CPU
		{0F188FC9-D10C-48DB-917A-FF1CB9C8E795}.Release|ARM.ActiveCfg = Release|Any CPU
		{0F188FC9-D10C-48DB-917A-FF1CB9C8E795}.Release|x86.ActiveCfg = Release|Any CPU
		{D326F8C2-8DCF-43D4-9BAD-BC07CA6D6CCE}.Debug|Any CPU.ActiveCfg = Debug|Any CPU
		{D326F8C2-8DCF-43D4-9BAD-BC07CA6D6CCE}.Debug|Any CPU.Build.0 = Debug|Any CPU
		{D326F8C2-8DCF-43D4-9BAD-BC07CA6D6CCE}.Debug|ARM.ActiveCfg = Debug|Any CPU
		{D326F8C2-8DCF-43D4-9BAD-BC07CA6D6CCE}.Debug|x86.ActiveCfg = Debug|Any CPU
		{D326F8C2-8DCF-43D4-9BAD-BC07CA6D6CCE}.Release|Any CPU.ActiveCfg = Release|Any CPU
		{D326F8C2-8DCF-43D4-9BAD-BC07CA6D6CCE}.Release|Any CPU.Build.0 = Release|Any CPU
		{D326F8C2-8DCF-43D4-9BAD-BC07CA6D6CCE}.Release|ARM.ActiveCfg = Release|Any CPU
		{D326F8C2-8DCF-43D4-9BAD-BC07CA6D6CCE}.Release|x86.ActiveCfg = Release|Any CPU
		{00617B68-C1F0-4AD8-8307-25C0608D745D}.Debug|Any CPU.ActiveCfg = Debug|Any CPU
		{00617B68-C1F0-4AD8-8307-25C0608D745D}.Debug|Any CPU.Build.0 = Debug|Any CPU
		{00617B68-C1F0-4AD8-8307-25C0608D745D}.Debug|ARM.ActiveCfg = Debug|Any CPU
		{00617B68-C1F0-4AD8-8307-25C0608D745D}.Debug|x86.ActiveCfg = Debug|Any CPU
		{00617B68-C1F0-4AD8-8307-25C0608D745D}.Release|Any CPU.ActiveCfg = Release|Any CPU
		{00617B68-C1F0-4AD8-8307-25C0608D745D}.Release|Any CPU.Build.0 = Release|Any CPU
		{00617B68-C1F0-4AD8-8307-25C0608D745D}.Release|ARM.ActiveCfg = Release|Any CPU
		{00617B68-C1F0-4AD8-8307-25C0608D745D}.Release|x86.ActiveCfg = Release|Any CPU
		{C323425E-3A4B-4A22-9CE5-ACF8D7124897}.Debug|Any CPU.ActiveCfg = Debug|Any CPU
		{C323425E-3A4B-4A22-9CE5-ACF8D7124897}.Debug|Any CPU.Build.0 = Debug|Any CPU
		{C323425E-3A4B-4A22-9CE5-ACF8D7124897}.Debug|ARM.ActiveCfg = Debug|Any CPU
		{C323425E-3A4B-4A22-9CE5-ACF8D7124897}.Debug|x86.ActiveCfg = Debug|Any CPU
		{C323425E-3A4B-4A22-9CE5-ACF8D7124897}.Release|Any CPU.ActiveCfg = Release|Any CPU
		{C323425E-3A4B-4A22-9CE5-ACF8D7124897}.Release|Any CPU.Build.0 = Release|Any CPU
		{C323425E-3A4B-4A22-9CE5-ACF8D7124897}.Release|ARM.ActiveCfg = Release|Any CPU
		{C323425E-3A4B-4A22-9CE5-ACF8D7124897}.Release|x86.ActiveCfg = Release|Any CPU
		{7B342C99-3758-4FA0-BE6E-576F07286DF7}.Debug|Any CPU.ActiveCfg = Debug|Any CPU
		{7B342C99-3758-4FA0-BE6E-576F07286DF7}.Debug|Any CPU.Build.0 = Debug|Any CPU
		{7B342C99-3758-4FA0-BE6E-576F07286DF7}.Debug|ARM.ActiveCfg = Debug|Any CPU
		{7B342C99-3758-4FA0-BE6E-576F07286DF7}.Debug|x86.ActiveCfg = Debug|Any CPU
		{7B342C99-3758-4FA0-BE6E-576F07286DF7}.Release|Any CPU.ActiveCfg = Release|Any CPU
		{7B342C99-3758-4FA0-BE6E-576F07286DF7}.Release|Any CPU.Build.0 = Release|Any CPU
		{7B342C99-3758-4FA0-BE6E-576F07286DF7}.Release|ARM.ActiveCfg = Release|Any CPU
		{7B342C99-3758-4FA0-BE6E-576F07286DF7}.Release|x86.ActiveCfg = Release|Any CPU
		{8162E82C-C141-4A69-90EF-4A2593A374DF}.Debug|Any CPU.ActiveCfg = Debug|Any CPU
		{8162E82C-C141-4A69-90EF-4A2593A374DF}.Debug|Any CPU.Build.0 = Debug|Any CPU
		{8162E82C-C141-4A69-90EF-4A2593A374DF}.Debug|ARM.ActiveCfg = Debug|Any CPU
		{8162E82C-C141-4A69-90EF-4A2593A374DF}.Debug|x86.ActiveCfg = Debug|Any CPU
		{8162E82C-C141-4A69-90EF-4A2593A374DF}.Release|Any CPU.ActiveCfg = Release|Any CPU
		{8162E82C-C141-4A69-90EF-4A2593A374DF}.Release|Any CPU.Build.0 = Release|Any CPU
		{8162E82C-C141-4A69-90EF-4A2593A374DF}.Release|ARM.ActiveCfg = Release|Any CPU
		{8162E82C-C141-4A69-90EF-4A2593A374DF}.Release|x86.ActiveCfg = Release|Any CPU
		{D18F5A26-3D60-47BC-9EE1-02D44369E6A0}.Debug|Any CPU.ActiveCfg = Debug|Any CPU
		{D18F5A26-3D60-47BC-9EE1-02D44369E6A0}.Debug|Any CPU.Build.0 = Debug|Any CPU
		{D18F5A26-3D60-47BC-9EE1-02D44369E6A0}.Debug|ARM.ActiveCfg = Debug|Any CPU
		{D18F5A26-3D60-47BC-9EE1-02D44369E6A0}.Debug|x86.ActiveCfg = Debug|Any CPU
		{D18F5A26-3D60-47BC-9EE1-02D44369E6A0}.Release|Any CPU.ActiveCfg = Release|Any CPU
		{D18F5A26-3D60-47BC-9EE1-02D44369E6A0}.Release|Any CPU.Build.0 = Release|Any CPU
		{D18F5A26-3D60-47BC-9EE1-02D44369E6A0}.Release|ARM.ActiveCfg = Release|Any CPU
		{D18F5A26-3D60-47BC-9EE1-02D44369E6A0}.Release|x86.ActiveCfg = Release|Any CPU
		{E93C1441-A175-4D76-9E97-092E9C621E55}.Debug|Any CPU.ActiveCfg = Debug|Any CPU
		{E93C1441-A175-4D76-9E97-092E9C621E55}.Debug|Any CPU.Build.0 = Debug|Any CPU
		{E93C1441-A175-4D76-9E97-092E9C621E55}.Debug|ARM.ActiveCfg = Debug|Any CPU
		{E93C1441-A175-4D76-9E97-092E9C621E55}.Debug|x86.ActiveCfg = Debug|Any CPU
		{E93C1441-A175-4D76-9E97-092E9C621E55}.Release|Any CPU.ActiveCfg = Release|Any CPU
		{E93C1441-A175-4D76-9E97-092E9C621E55}.Release|Any CPU.Build.0 = Release|Any CPU
		{E93C1441-A175-4D76-9E97-092E9C621E55}.Release|ARM.ActiveCfg = Release|Any CPU
		{E93C1441-A175-4D76-9E97-092E9C621E55}.Release|x86.ActiveCfg = Release|Any CPU
		{324F52E7-45A8-48B8-B5EE-C108DF74B2AF}.Debug|Any CPU.ActiveCfg = Debug|Any CPU
		{324F52E7-45A8-48B8-B5EE-C108DF74B2AF}.Debug|Any CPU.Build.0 = Debug|Any CPU
		{324F52E7-45A8-48B8-B5EE-C108DF74B2AF}.Debug|ARM.ActiveCfg = Debug|Any CPU
		{324F52E7-45A8-48B8-B5EE-C108DF74B2AF}.Debug|x86.ActiveCfg = Debug|Any CPU
		{324F52E7-45A8-48B8-B5EE-C108DF74B2AF}.Release|Any CPU.ActiveCfg = Release|Any CPU
		{324F52E7-45A8-48B8-B5EE-C108DF74B2AF}.Release|Any CPU.Build.0 = Release|Any CPU
		{324F52E7-45A8-48B8-B5EE-C108DF74B2AF}.Release|ARM.ActiveCfg = Release|Any CPU
		{324F52E7-45A8-48B8-B5EE-C108DF74B2AF}.Release|x86.ActiveCfg = Release|Any CPU
	EndGlobalSection
	GlobalSection(SolutionProperties) = preSolution
		HideSolutionNode = FALSE
	EndGlobalSection
	GlobalSection(NestedProjects) = preSolution
		{49C0AFB2-C76B-4D6E-B250-505284AA569F} = {3A4D93EB-1CD2-47C4-95BA-9DF0B856E728}
		{B6CABED9-D4A8-46FB-8B88-3A8F97D604A2} = {3A4D93EB-1CD2-47C4-95BA-9DF0B856E728}
		{6FE669BE-7711-457F-8317-70BFD0D272D4} = {B6CABED9-D4A8-46FB-8B88-3A8F97D604A2}
		{00CF9B50-EA30-4A51-9189-2A558F92B316} = {6FE669BE-7711-457F-8317-70BFD0D272D4}
		{8F37695F-32C7-4E6F-92A1-168BB1EB6A55} = {6FE669BE-7711-457F-8317-70BFD0D272D4}
		{49921B67-3D40-4E59-97FF-0C2BF81EAB90} = {6FE669BE-7711-457F-8317-70BFD0D272D4}
		{37F298D9-B762-4017-878B-194A73E12DA8} = {6FE669BE-7711-457F-8317-70BFD0D272D4}
		{620200B1-17F4-4C5A-A301-CA9AED702806} = {00CF9B50-EA30-4A51-9189-2A558F92B316}
		{D727F239-EE96-4B05-8F17-65871B52B260} = {00CF9B50-EA30-4A51-9189-2A558F92B316}
		{2B4D1AF0-8C77-475D-8D14-DB7B506F9450} = {00CF9B50-EA30-4A51-9189-2A558F92B316}
		{42E619BA-2842-44A7-94D4-4B1485C7136B} = {8F37695F-32C7-4E6F-92A1-168BB1EB6A55}
		{CCE98720-6054-4EF8-BA8C-14821B35EC1D} = {8F37695F-32C7-4E6F-92A1-168BB1EB6A55}
		{6FA5AC47-653A-4634-8BCA-CF68BA33F884} = {8F37695F-32C7-4E6F-92A1-168BB1EB6A55}
		{3BD5FAB6-6843-4DAD-8846-2033AAF03FD7} = {49921B67-3D40-4E59-97FF-0C2BF81EAB90}
		{02F3363F-7B0F-4C5F-9123-B388F2870C35} = {49921B67-3D40-4E59-97FF-0C2BF81EAB90}
		{75F2F4B1-BEB2-4AC6-A935-5A795C5A79A0} = {49921B67-3D40-4E59-97FF-0C2BF81EAB90}
		{FC776CA4-35B3-4024-8667-CB265805A519} = {37F298D9-B762-4017-878B-194A73E12DA8}
		{0A9019E4-E76F-4FAC-A5C7-70F32CF5E2C1} = {37F298D9-B762-4017-878B-194A73E12DA8}
		{588B02FC-6BB9-49AE-8ECE-2A4BAC9B470B} = {B6CABED9-D4A8-46FB-8B88-3A8F97D604A2}
		{0F188FC9-D10C-48DB-917A-FF1CB9C8E795} = {B6CABED9-D4A8-46FB-8B88-3A8F97D604A2}
		{D326F8C2-8DCF-43D4-9BAD-BC07CA6D6CCE} = {B6CABED9-D4A8-46FB-8B88-3A8F97D604A2}
		{00617B68-C1F0-4AD8-8307-25C0608D745D} = {B30F3601-800B-4743-860A-B1E3B1792A3F}
		{C323425E-3A4B-4A22-9CE5-ACF8D7124897} = {B30F3601-800B-4743-860A-B1E3B1792A3F}
		{7B342C99-3758-4FA0-BE6E-576F07286DF7} = {B30F3601-800B-4743-860A-B1E3B1792A3F}
		{8162E82C-C141-4A69-90EF-4A2593A374DF} = {B30F3601-800B-4743-860A-B1E3B1792A3F}
		{D18F5A26-3D60-47BC-9EE1-02D44369E6A0} = {B30F3601-800B-4743-860A-B1E3B1792A3F}
		{E93C1441-A175-4D76-9E97-092E9C621E55} = {B30F3601-800B-4743-860A-B1E3B1792A3F}
		{324F52E7-45A8-48B8-B5EE-C108DF74B2AF} = {B30F3601-800B-4743-860A-B1E3B1792A3F}
	EndGlobalSection
EndGlobal
